// !$*UTF8*$!
{
	archiveVersion = 1;
	classes = {
	};
	objectVersion = 46;
	objects = {

/* Begin PBXBuildFile section */
		8E822C8E1DED87D80030B04D /* AppDelegate.swift in Sources */ = {isa = PBXBuildFile; fileRef = 8E822C8D1DED87D80030B04D /* AppDelegate.swift */; };
		8E822C931DED87D80030B04D /* Main.storyboard in Resources */ = {isa = PBXBuildFile; fileRef = 8E822C911DED87D80030B04D /* Main.storyboard */; };
		8E822C951DED87D80030B04D /* Assets.xcassets in Resources */ = {isa = PBXBuildFile; fileRef = 8E822C941DED87D80030B04D /* Assets.xcassets */; };
		8E822C981DED87D80030B04D /* LaunchScreen.storyboard in Resources */ = {isa = PBXBuildFile; fileRef = 8E822C961DED87D80030B04D /* LaunchScreen.storyboard */; };
		8E822CA11DED96E40030B04D /* MapKit.framework in Frameworks */ = {isa = PBXBuildFile; fileRef = 8E822CA01DED96E40030B04D /* MapKit.framework */; };
		8E822CA31DED99240030B04D /* GraffitiDetailViewController.swift in Sources */ = {isa = PBXBuildFile; fileRef = 8E822CA21DED99240030B04D /* GraffitiDetailViewController.swift */; };
		8E822CA51DED9AF40030B04D /* Graffiti.swift in Sources */ = {isa = PBXBuildFile; fileRef = 8E822CA41DED9AF40030B04D /* Graffiti.swift */; };
		8E822CA71DED9C9C0030B04D /* CurrentLocationViewController.swift in Sources */ = {isa = PBXBuildFile; fileRef = 8E822CA61DED9C9C0030B04D /* CurrentLocationViewController.swift */; };
		8E822CA91DEDE4E30030B04D /* GraffitiManager.swift in Sources */ = {isa = PBXBuildFile; fileRef = 8E822CA81DEDE4E30030B04D /* GraffitiManager.swift */; };
		8E822CAB1DEF6AF30030B04D /* ImageViewController.swift in Sources */ = {isa = PBXBuildFile; fileRef = 8E822CAA1DEF6AF30030B04D /* ImageViewController.swift */; };
/* End PBXBuildFile section */

/* Begin PBXFileReference section */
		8E822C8A1DED87D80030B04D /* Graffiti.app */ = {isa = PBXFileReference; explicitFileType = wrapper.application; includeInIndex = 0; path = Graffiti.app; sourceTree = BUILT_PRODUCTS_DIR; };
		8E822C8D1DED87D80030B04D /* AppDelegate.swift */ = {isa = PBXFileReference; lastKnownFileType = sourcecode.swift; path = AppDelegate.swift; sourceTree = "<group>"; };
		8E822C921DED87D80030B04D /* Base */ = {isa = PBXFileReference; lastKnownFileType = file.storyboard; name = Base; path = Base.lproj/Main.storyboard; sourceTree = "<group>"; };
		8E822C941DED87D80030B04D /* Assets.xcassets */ = {isa = PBXFileReference; lastKnownFileType = folder.assetcatalog; path = Assets.xcassets; sourceTree = "<group>"; };
		8E822C971DED87D80030B04D /* Base */ = {isa = PBXFileReference; lastKnownFileType = file.storyboard; name = Base; path = Base.lproj/LaunchScreen.storyboard; sourceTree = "<group>"; };
		8E822C991DED87D80030B04D /* Info.plist */ = {isa = PBXFileReference; lastKnownFileType = text.plist.xml; path = Info.plist; sourceTree = "<group>"; };
		8E822CA01DED96E40030B04D /* MapKit.framework */ = {isa = PBXFileReference; lastKnownFileType = wrapper.framework; name = MapKit.framework; path = System/Library/Frameworks/MapKit.framework; sourceTree = SDKROOT; };
		8E822CA21DED99240030B04D /* GraffitiDetailViewController.swift */ = {isa = PBXFileReference; fileEncoding = 4; lastKnownFileType = sourcecode.swift; path = GraffitiDetailViewController.swift; sourceTree = "<group>"; };
		8E822CA41DED9AF40030B04D /* Graffiti.swift */ = {isa = PBXFileReference; fileEncoding = 4; lastKnownFileType = sourcecode.swift; path = Graffiti.swift; sourceTree = "<group>"; };
		8E822CA61DED9C9C0030B04D /* CurrentLocationViewController.swift */ = {isa = PBXFileReference; fileEncoding = 4; lastKnownFileType = sourcecode.swift; path = CurrentLocationViewController.swift; sourceTree = "<group>"; };
		8E822CA81DEDE4E30030B04D /* GraffitiManager.swift */ = {isa = PBXFileReference; fileEncoding = 4; lastKnownFileType = sourcecode.swift; path = GraffitiManager.swift; sourceTree = "<group>"; };
		8E822CAA1DEF6AF30030B04D /* ImageViewController.swift */ = {isa = PBXFileReference; fileEncoding = 4; lastKnownFileType = sourcecode.swift; path = ImageViewController.swift; sourceTree = "<group>"; };
/* End PBXFileReference section */

/* Begin PBXFrameworksBuildPhase section */
		8E822C871DED87D80030B04D /* Frameworks */ = {
			isa = PBXFrameworksBuildPhase;
			buildActionMask = 2147483647;
			files = (
				8E822CA11DED96E40030B04D /* MapKit.framework in Frameworks */,
			);
			runOnlyForDeploymentPostprocessing = 0;
		};
/* End PBXFrameworksBuildPhase section */

/* Begin PBXGroup section */
		8E822C811DED87D80030B04D = {
			isa = PBXGroup;
			children = (
				8E822C8C1DED87D80030B04D /* Graffiti */,
				8E822C8B1DED87D80030B04D /* Products */,
				8E822C9F1DED96E30030B04D /* Frameworks */,
			);
			sourceTree = "<group>";
		};
		8E822C8B1DED87D80030B04D /* Products */ = {
			isa = PBXGroup;
			children = (
				8E822C8A1DED87D80030B04D /* Graffiti.app */,
			);
			name = Products;
			sourceTree = "<group>";
		};
		8E822C8C1DED87D80030B04D /* Graffiti */ = {
			isa = PBXGroup;
			children = (
				8E822C8D1DED87D80030B04D /* AppDelegate.swift */,
				8E822CA61DED9C9C0030B04D /* CurrentLocationViewController.swift */,
				8E822CA21DED99240030B04D /* GraffitiDetailViewController.swift */,
				8E822CAA1DEF6AF30030B04D /* ImageViewController.swift */,
				8E822C911DED87D80030B04D /* Main.storyboard */,
				8E822C941DED87D80030B04D /* Assets.xcassets */,
				8E822C961DED87D80030B04D /* LaunchScreen.storyboard */,
				8E822C991DED87D80030B04D /* Info.plist */,
				8E822CA41DED9AF40030B04D /* Graffiti.swift */,
				8E822CA81DEDE4E30030B04D /* GraffitiManager.swift */,
			);
			path = Graffiti;
			sourceTree = "<group>";
		};
		8E822C9F1DED96E30030B04D /* Frameworks */ = {
			isa = PBXGroup;
			children = (
				8E822CA01DED96E40030B04D /* MapKit.framework */,
			);
			name = Frameworks;
			sourceTree = "<group>";
		};
/* End PBXGroup section */

/* Begin PBXNativeTarget section */
		8E822C891DED87D80030B04D /* Graffiti */ = {
			isa = PBXNativeTarget;
			buildConfigurationList = 8E822C9C1DED87D80030B04D /* Build configuration list for PBXNativeTarget "Graffiti" */;
			buildPhases = (
				8E822C861DED87D80030B04D /* Sources */,
				8E822C871DED87D80030B04D /* Frameworks */,
				8E822C881DED87D80030B04D /* Resources */,
			);
			buildRules = (
			);
			dependencies = (
			);
			name = Graffiti;
			productName = Graffiti;
			productReference = 8E822C8A1DED87D80030B04D /* Graffiti.app */;
			productType = "com.apple.product-type.application";
		};
/* End PBXNativeTarget section */

/* Begin PBXProject section */
		8E822C821DED87D80030B04D /* Project object */ = {
			isa = PBXProject;
			attributes = {
				LastSwiftUpdateCheck = 0810;
				LastUpgradeCheck = 0810;
				ORGANIZATIONNAME = TimpleSoft;
				TargetAttributes = {
					8E822C891DED87D80030B04D = {
						CreatedOnToolsVersion = 8.1;
						DevelopmentTeam = 76HKZS2A86;
						ProvisioningStyle = Automatic;
					};
				};
			};
			buildConfigurationList = 8E822C851DED87D80030B04D /* Build configuration list for PBXProject "Graffiti" */;
			compatibilityVersion = "Xcode 3.2";
			developmentRegion = English;
			hasScannedForEncodings = 0;
			knownRegions = (
				en,
				Base,
			);
			mainGroup = 8E822C811DED87D80030B04D;
			productRefGroup = 8E822C8B1DED87D80030B04D /* Products */;
			projectDirPath = "";
			projectRoot = "";
			targets = (
				8E822C891DED87D80030B04D /* Graffiti */,
			);
		};
/* End PBXProject section */

/* Begin PBXResourcesBuildPhase section */
		8E822C881DED87D80030B04D /* Resources */ = {
			isa = PBXResourcesBuildPhase;
			buildActionMask = 2147483647;
			files = (
				8E822C981DED87D80030B04D /* LaunchScreen.storyboard in Resources */,
				8E822C951DED87D80030B04D /* Assets.xcassets in Resources */,
				8E822C931DED87D80030B04D /* Main.storyboard in Resources */,
			);
			runOnlyForDeploymentPostprocessing = 0;
		};
/* End PBXResourcesBuildPhase section */

/* Begin PBXSourcesBuildPhase section */
		8E822C861DED87D80030B04D /* Sources */ = {
			isa = PBXSourcesBuildPhase;
			buildActionMask = 2147483647;
			files = (
				8E822CA31DED99240030B04D /* GraffitiDetailViewController.swift in Sources */,
				8E822CA71DED9C9C0030B04D /* CurrentLocationViewController.swift in Sources */,
				8E822CA91DEDE4E30030B04D /* GraffitiManager.swift in Sources */,
				8E822CA51DED9AF40030B04D /* Graffiti.swift in Sources */,
				8E822CAB1DEF6AF30030B04D /* ImageViewController.swift in Sources */,
				8E822C8E1DED87D80030B04D /* AppDelegate.swift in Sources */,
			);
			runOnlyForDeploymentPostprocessing = 0;
		};
/* End PBXSourcesBuildPhase section */

/* Begin PBXVariantGroup section */
		8E822C911DED87D80030B04D /* Main.storyboard */ = {
			isa = PBXVariantGroup;
			children = (
				8E822C921DED87D80030B04D /* Base */,
			);
			name = Main.storyboard;
			sourceTree = "<group>";
		};
		8E822C961DED87D80030B04D /* LaunchScreen.storyboard */ = {
			isa = PBXVariantGroup;
			children = (
				8E822C971DED87D80030B04D /* Base */,
			);
			name = LaunchScreen.storyboard;
			sourceTree = "<group>";
		};
/* End PBXVariantGroup section */

/* Begin XCBuildConfiguration section */
		8E822C9A1DED87D80030B04D /* Debug */ = {
			isa = XCBuildConfiguration;
			buildSettings = {
				ALWAYS_SEARCH_USER_PATHS = NO;
				CLANG_ANALYZER_NONNULL = YES;
				CLANG_CXX_LANGUAGE_STANDARD = "gnu++0x";
				CLANG_CXX_LIBRARY = "libc++";
				CLANG_ENABLE_MODULES = YES;
				CLANG_ENABLE_OBJC_ARC = YES;
				CLANG_WARN_BOOL_CONVERSION = YES;
				CLANG_WARN_CONSTANT_CONVERSION = YES;
				CLANG_WARN_DIRECT_OBJC_ISA_USAGE = YES_ERROR;
				CLANG_WARN_DOCUMENTATION_COMMENTS = YES;
				CLANG_WARN_EMPTY_BODY = YES;
				CLANG_WARN_ENUM_CONVERSION = YES;
				CLANG_WARN_INFINITE_RECURSION = YES;
				CLANG_WARN_INT_CONVERSION = YES;
				CLANG_WARN_OBJC_ROOT_CLASS = YES_ERROR;
				CLANG_WARN_SUSPICIOUS_MOVES = YES;
				CLANG_WARN_UNREACHABLE_CODE = YES;
				CLANG_WARN__DUPLICATE_METHOD_MATCH = YES;
				"CODE_SIGN_IDENTITY[sdk=iphoneos*]" = "iPhone Developer";
				COPY_PHASE_STRIP = NO;
				DEBUG_INFORMATION_FORMAT = dwarf;
				ENABLE_STRICT_OBJC_MSGSEND = YES;
				ENABLE_TESTABILITY = YES;
				GCC_C_LANGUAGE_STANDARD = gnu99;
				GCC_DYNAMIC_NO_PIC = NO;
				GCC_NO_COMMON_BLOCKS = YES;
				GCC_OPTIMIZATION_LEVEL = 0;
				GCC_PREPROCESSOR_DEFINITIONS = (
					"DEBUG=1",
					"$(inherited)",
				);
				GCC_WARN_64_TO_32_BIT_CONVERSION = YES;
				GCC_WARN_ABOUT_RETURN_TYPE = YES_ERROR;
				GCC_WARN_UNDECLARED_SELECTOR = YES;
				GCC_WARN_UNINITIALIZED_AUTOS = YES_AGGRESSIVE;
				GCC_WARN_UNUSED_FUNCTION = YES;
				GCC_WARN_UNUSED_VARIABLE = YES;
				IPHONEOS_DEPLOYMENT_TARGET = 10.1;
				MTL_ENABLE_DEBUG_INFO = YES;
				ONLY_ACTIVE_ARCH = YES;
				SDKROOT = iphoneos;
				SWIFT_ACTIVE_COMPILATION_CONDITIONS = DEBUG;
				SWIFT_OPTIMIZATION_LEVEL = "-Onone";
			};
			name = Debug;
		};
		8E822C9B1DED87D80030B04D /* Release */ = {
			isa = XCBuildConfiguration;
			buildSettings = {
				ALWAYS_SEARCH_USER_PATHS = NO;
				CLANG_ANALYZER_NONNULL = YES;
				CLANG_CXX_LANGUAGE_STANDARD = "gnu++0x";
				CLANG_CXX_LIBRARY = "libc++";
				CLANG_ENABLE_MODULES = YES;
				CLANG_ENABLE_OBJC_ARC = YES;
				CLANG_WARN_BOOL_CONVERSION = YES;
				CLANG_WARN_CONSTANT_CONVERSION = YES;
				CLANG_WARN_DIRECT_OBJC_ISA_USAGE = YES_ERROR;
				CLANG_WARN_DOCUMENTATION_COMMENTS = YES;
				CLANG_WARN_EMPTY_BODY = YES;
				CLANG_WARN_ENUM_CONVERSION = YES;
				CLANG_WARN_INFINITE_RECURSION = YES;
				CLANG_WARN_INT_CONVERSION = YES;
				CLANG_WARN_OBJC_ROOT_CLASS = YES_ERROR;
				CLANG_WARN_SUSPICIOUS_MOVES = YES;
				CLANG_WARN_UNREACHABLE_CODE = YES;
				CLANG_WARN__DUPLICATE_METHOD_MATCH = YES;
				"CODE_SIGN_IDENTITY[sdk=iphoneos*]" = "iPhone Developer";
				COPY_PHASE_STRIP = NO;
				DEBUG_INFORMATION_FORMAT = "dwarf-with-dsym";
				ENABLE_NS_ASSERTIONS = NO;
				ENABLE_STRICT_OBJC_MSGSEND = YES;
				GCC_C_LANGUAGE_STANDARD = gnu99;
				GCC_NO_COMMON_BLOCKS = YES;
				GCC_WARN_64_TO_32_BIT_CONVERSION = YES;
				GCC_WARN_ABOUT_RETURN_TYPE = YES_ERROR;
				GCC_WARN_UNDECLARED_SELECTOR = YES;
				GCC_WARN_UNINITIALIZED_AUTOS = YES_AGGRESSIVE;
				GCC_WARN_UNUSED_FUNCTION = YES;
				GCC_WARN_UNUSED_VARIABLE = YES;
				IPHONEOS_DEPLOYMENT_TARGET = 10.1;
				MTL_ENABLE_DEBUG_INFO = NO;
				SDKROOT = iphoneos;
				SWIFT_OPTIMIZATION_LEVEL = "-Owholemodule";
				VALIDATE_PRODUCT = YES;
			};
			name = Release;
		};
		8E822C9D1DED87D80030B04D /* Debug */ = {
			isa = XCBuildConfiguration;
			buildSettings = {
				ASSETCATALOG_COMPILER_APPICON_NAME = AppIcon;
				DEVELOPMENT_TEAM = 76HKZS2A86;
				INFOPLIST_FILE = Graffiti/Info.plist;
				LD_RUNPATH_SEARCH_PATHS = "$(inherited) @executable_path/Frameworks";
				PRODUCT_BUNDLE_IDENTIFIER = com.timplesoft.Graffiti;
				PRODUCT_NAME = "$(TARGET_NAME)";
				SWIFT_VERSION = 3.0;
			};
			name = Debug;
		};
		8E822C9E1DED87D80030B04D /* Release */ = {
			isa = XCBuildConfiguration;
			buildSettings = {
				ASSETCATALOG_COMPILER_APPICON_NAME = AppIcon;
				DEVELOPMENT_TEAM = 76HKZS2A86;
				INFOPLIST_FILE = Graffiti/Info.plist;
				LD_RUNPATH_SEARCH_PATHS = "$(inherited) @executable_path/Frameworks";
				PRODUCT_BUNDLE_IDENTIFIER = com.timplesoft.Graffiti;
				PRODUCT_NAME = "$(TARGET_NAME)";
				SWIFT_VERSION = 3.0;
			};
			name = Release;
		};
/* End XCBuildConfiguration section */

/* Begin XCConfigurationList section */
		8E822C851DED87D80030B04D /* Build configuration list for PBXProject "Graffiti" */ = {
			isa = XCConfigurationList;
			buildConfigurations = (
				8E822C9A1DED87D80030B04D /* Debug */,
				8E822C9B1DED87D80030B04D /* Release */,
			);
			defaultConfigurationIsVisible = 0;
			defaultConfigurationName = Release;
		};
		8E822C9C1DED87D80030B04D /* Build configuration list for PBXNativeTarget "Graffiti" */ = {
			isa = XCConfigurationList;
			buildConfigurations = (
				8E822C9D1DED87D80030B04D /* Debug */,
				8E822C9E1DED87D80030B04D /* Release */,
			);
			defaultConfigurationIsVisible = 0;
		};
/* End XCConfigurationList section */
	};
	rootObject = 8E822C821DED87D80030B04D /* Project object */;
}
